
Microsoft Visual Studio Solution File, Format Version 12.00
# Visual Studio Version 16
VisualStudioVersion = 16.0.29905.134
MinimumVisualStudioVersion = 10.0.40219.1
Project("{FAE04EC0-301F-11D3-BF4B-00C04F79EFBC}") = "SignalRChat_Simple", "SignalRChat_Simple\SignalRChat_Simple.csproj", "{818887ED-040C-4FE0-8810-865A550E42C9}"
EndProject
Global
	GlobalSection(SolutionConfigurationPlatforms) = preSolution
		Debug|Any CPU = Debug|Any CPU
		Release|Any CPU = Release|Any CPU
	EndGlobalSection
	GlobalSection(ProjectConfigurationPlatforms) = postSolution
		{818887ED-040C-4FE0-8810-865A550E42C9}.Debug|Any CPU.ActiveCfg = Debug|Any CPU
		{818887ED-040C-4FE0-8810-865A550E42C9}.Debug|Any CPU.Build.0 = Debug|Any CPU
		{818887ED-040C-4FE0-8810-865A550E42C9}.Release|Any CPU.ActiveCfg = Release|Any CPU
		{818887ED-040C-4FE0-8810-865A550E42C9}.Release|Any CPU.Build.0 = Release|Any CPU
	EndGlobalSection
	GlobalSection(SolutionProperties) = preSolution
		HideSolutionNode = FALSE
	EndGlobalSection
	GlobalSection(ExtensibilityGlobals) = postSolution
		SolutionGuid = {313E8C38-A1F1-4C10-AC43-4A41C950D203}
	EndGlobalSection
EndGlobal
